
Microsoft Visual Studio Solution File, Format Version 12.00
# Visual Studio 15
VisualStudioVersion = 15.0.26228.4
MinimumVisualStudioVersion = 10.0.40219.1
Project("{FAE04EC0-301F-11D3-BF4B-00C04F79EFBC}") = "WinIntegrationTesting", "src\WinIntegrationTesting\WinIntegrationTesting.csproj", "{69059424-3EFE-47F9-BAB5-342A3DBEF025}"
EndProject
Project("{2150E333-8FDC-42A3-9474-1A3956D46DE8}") = "Tests", "Tests", "{EE890F95-488A-403C-A826-5F1843A86A9E}"
EndProject
Project("{FAE04EC0-301F-11D3-BF4B-00C04F79EFBC}") = "WinIntegrationTestingTests", "tests\WinIntegrationTestingTests\WinIntegrationTestingTests.csproj", "{F5904F04-8A89-42D4-A241-7415D784C9AB}"
EndProject
Global
	GlobalSection(SolutionConfigurationPlatforms) = preSolution
		Debug|Any CPU = Debug|Any CPU
		Release|Any CPU = Release|Any CPU
	EndGlobalSection
	GlobalSection(ProjectConfigurationPlatforms) = postSolution
		{69059424-3EFE-47F9-BAB5-342A3DBEF025}.Debug|Any CPU.ActiveCfg = Debug|Any CPU
		{69059424-3EFE-47F9-BAB5-342A3DBEF025}.Debug|Any CPU.Build.0 = Debug|Any CPU
		{69059424-3EFE-47F9-BAB5-342A3DBEF025}.Release|Any CPU.ActiveCfg = Release|Any CPU
		{69059424-3EFE-47F9-BAB5-342A3DBEF025}.Release|Any CPU.Build.0 = Release|Any CPU
		{F5904F04-8A89-42D4-A241-7415D784C9AB}.Debug|Any CPU.ActiveCfg = Debug|Any CPU
		{F5904F04-8A89-42D4-A241-7415D784C9AB}.Debug|Any CPU.Build.0 = Debug|Any CPU
		{F5904F04-8A89-42D4-A241-7415D784C9AB}.Release|Any CPU.ActiveCfg = Release|Any CPU
		{F5904F04-8A89-42D4-A241-7415D784C9AB}.Release|Any CPU.Build.0 = Release|Any CPU
	EndGlobalSection
	GlobalSection(SolutionProperties) = preSolution
		HideSolutionNode = FALSE
	EndGlobalSection
	GlobalSection(NestedProjects) = preSolution
		{F5904F04-8A89-42D4-A241-7415D784C9AB} = {EE890F95-488A-403C-A826-5F1843A86A9E}
	EndGlobalSection
EndGlobal
